folder: grjE9QFUbAbyako0
name: Razorwing Flock
type: threat
_id: LaDIJhDuFqRqGgCE
img: icons/creatures/mammals/bats-movement-flying-black.webp
system:
  attributes:
    strength:
      label: ATTRIBUTE.STRENGTH
      rating: 0
      base: 1
      bonus: 0
      cost: 0
      total: 0
    toughness:
      label: ATTRIBUTE.TOUGHNESS
      rating: 0
      base: 1
      bonus: 0
      cost: 0
      total: 0
    agility:
      label: ATTRIBUTE.AGILITY
      rating: 0
      base: 5
      bonus: 0
      cost: 0
      total: 0
    initiative:
      label: ATTRIBUTE.INITIATIVE
      rating: 0
      base: 5
      bonus: 0
      cost: 0
      total: 0
    willpower:
      label: ATTRIBUTE.WILLPOWER
      rating: 0
      base: 2
      bonus: 0
      cost: 0
      total: 0
    intellect:
      label: ATTRIBUTE.INTELLECT
      rating: 0
      base: 1
      bonus: 0
      cost: 0
      total: 0
    fellowship:
      label: ATTRIBUTE.FELLOWSHIP
      rating: 0
      base: 1
      bonus: 0
      cost: 0
      total: 0
  skills:
    athletics:
      label: SKILL.ATHLETICS
      attribute: strength
      rating: 3
      base: 0
      bonus: 0
      cost: 0
      total: 0
    awareness:
      label: SKILL.AWARENESS
      attribute: intellect
      rating: 7
      base: 0
      bonus: 0
      cost: 0
      total: 0
    ballisticSkill:
      label: SKILL.BALLISTIC_SKILL
      attribute: agility
      rating: 0
      base: 0
      bonus: 0
      cost: 0
      total: 0
    cunning:
      label: SKILL.CUNNING
      attribute: fellowship
      rating: 3
      base: 0
      bonus: 0
      cost: 0
      total: 0
    deception:
      label: SKILL.DECEPTION
      attribute: fellowship
      rating: 3
      base: 0
      bonus: 0
      cost: 0
      total: 0
    insight:
      label: SKILL.INSIGHT
      attribute: fellowship
      rating: 3
      base: 0
      bonus: 0
      cost: 0
      total: 0
    intimidation:
      label: SKILL.INTIMIDATION
      attribute: willpower
      rating: 2
      base: 0
      bonus: 0
      cost: 0
      total: 0
    investigation:
      label: SKILL.INVESTIGATION
      attribute: intellect
      rating: 3
      base: 0
      bonus: 0
      cost: 0
      total: 0
    leadership:
      label: SKILL.LEADERSHIP
      attribute: willpower
      rating: 2
      base: 0
      bonus: 0
      cost: 0
      total: 0
    medicae:
      label: SKILL.MEDICAE
      attribute: intellect
      rating: 3
      base: 0
      bonus: 0
      cost: 0
      total: 0
    persuasion:
      label: SKILL.PERSUASION
      attribute: fellowship
      rating: 3
      base: 0
      bonus: 0
      cost: 0
      total: 0
    pilot:
      label: SKILL.PILOT
      attribute: agility
      rating: 0
      base: 0
      bonus: 0
      cost: 0
      total: 0
    psychicMastery:
      label: SKILL.PSYCHIC_MASTERY
      attribute: willpower
      rating: 2
      base: 0
      bonus: 0
      cost: 0
      total: 0
    scholar:
      label: SKILL.SCHOLAR
      attribute: intellect
      rating: 3
      base: 0
      bonus: 0
      cost: 0
      total: 0
    stealth:
      label: SKILL.STEALTH
      attribute: agility
      rating: 0
      base: 0
      bonus: 0
      cost: 0
      total: 0
    survival:
      label: SKILL.SURVIVAL
      attribute: willpower
      rating: 2
      base: 0
      bonus: 0
      cost: 0
      total: 0
    tech:
      label: SKILL.TECH
      attribute: intellect
      rating: 3
      base: 0
      bonus: 0
      cost: 0
      total: 0
    weaponSkill:
      label: SKILL.WEAPON_SKILL
      attribute: initiative
      rating: 3
      base: 0
      bonus: 0
      cost: 0
      total: 0
  combat:
    defense:
      bonus: 0
      total: 0
    defence:
      bonus: 0
      total: 0
    resilience:
      bonus: 0
      total: 0
    wounds:
      value: 0
      bonus: 0
      max: 1
    determination:
      bonus: 0
      total: 0
    shock:
      value: 0
      bonus: 0
      max: 3
    resolve:
      bonus: 0
      total: 0
    conviction:
      bonus: 0
      total: 0
    size: small
    speed: 12
    fly: 12
    passiveAwareness:
      bonus: 0
      total: 0
    stealth: 0
  bio:
    species: ""
    faction: Drukhari
    archetype: ""
    threat:
      first: T
      second: T
      third: T
      fourth: T
      fifth: T
  resources:
    ruin: 0
  corruption:
    current: 0
  mob: null
  notes: <p>Razorwing Flock — large razor-feathered birds of prey with eerie intelligence, swarming prey in a hurricane of knife-like feathers; a favourite terror of Beastmasters.</p>
prototypeToken:
  name: Razorwing Flock
  displayName: 20
  actorLink: false
  appendNumber: false
  prependAdjective: false
  texture:
    src: icons/creatures/mammals/bats-movement-flying-black.webp
    scaleX: 1
    scaleY: 1
    offsetX: 0
    offsetY: 0
    rotation: 0
  width: 1
  height: 1
  lockRotation: false
  rotation: 0
  alpha: 1
  disposition: -1
  displayBars: 20
  bar1:
    attribute: combat.wounds
  bar2:
    attribute: combat.shock
  sight:
    enabled: false
    range: 0
    angle: 360
    visionMode: basic
  detectionModes: []
  flags: {}
  randomImg: false
items:
  - name: BEAST
    type: keyword
    _id: Xw0d53MugPki4GxM
    img: icons/svg/eye.svg
    system:
      description: <p>A war-beast driven into battle by Drukhari Beastmasters.</p>
    effects: []
    folder: null
    sort: 0
    ownership:
      default: 0
    flags: {}
    _key: "!actors.items!LaDIJhDuFqRqGgCE.Xw0d53MugPki4GxM"
  - name: Razor Feathers
    type: weapon
    _id: 7M9nbccoJ5Begob9
    img: modules/wng-core/assets/icons/weapons/melee-weapon.webp
    system:
      quantity: 1
      rarity: common
      description: ""
      value: 0
      keywords: ""
      equipped: true
      attack:
        base: 0
        bonus: 0
        rank: none
      damage:
        base: 5
        bonus: 0
        rank: none
      ed:
        base: 2
        bonus: 0
        rank: none
      ap:
        base: -1
        bonus: 0
        rank: none
      category: melee
      range:
        short: 0
        medium: 0
        long: 0
        melee: 1
        thrown: null
      ammo: ""
      salvo: 0
      traits:
        - name: rending
          rating: 2
        - name: inflict
          custom: true
          display: Inflict (Bleeding)
      upgrades: []
    effects: []
    folder: null
    sort: 0
    ownership:
      default: 0
    flags: {}
    _key: "!actors.items!LaDIJhDuFqRqGgCE.7M9nbccoJ5Begob9"
  - name: Flyby
    type: talent
    _id: j75T2yfox9yGICaR
    img: modules/wng-core/assets/icons/talents/talent.webp
    system:
      effect: ""
      cost: 0
      requirements: ""
      description: <p>The Threat never counts as being Engaged; enemies cannot make Reflexive Attacks when it moves away.</p>
      display: true
    effects: []
    folder: null
    sort: 0
    ownership:
      default: 0
    flags: {}
    _key: "!actors.items!LaDIJhDuFqRqGgCE.j75T2yfox9yGICaR"
  - name: "Mob: Flock of Blades"
    type: talent
    _id: xjAeziNq7phyhijH
    img: modules/wng-core/assets/icons/talents/talent.webp
    system:
      effect: ""
      cost: 0
      requirements: ""
      description: <p>Increase the base damage of this mob’s melee attacks by +1 and add +1ED for each creature in the mob, up to a maximum of +5 and +5ED.</p>
      display: true
    effects: []
    folder: null
    sort: 0
    ownership:
      default: 0
    flags: {}
    _key: "!actors.items!LaDIJhDuFqRqGgCE.xjAeziNq7phyhijH"
  - name: "Determination: Scattered Flock"
    type: ability
    _id: yP2HzceDPgkD6nie
    img: modules/wng-core/assets/icons/abilities/ability.webp
    system:
      dn: 0
      type: ""
      specification: ""
      effect: ""
      cost: 0
      requirements: ""
      description: <p>Spend 1 Ruin to roll 1d6. Then the mob moves up to half its Speed and adds +2 to its Defence until the start of its next turn.</p>
      display: true
      abilityType: determination
      traits: []
      damage:
        base: 0
        bonus: 0
        rank: none
      ed:
        base: 0
        bonus: 0
        rank: none
      ap:
        base: 0
        bonus: 0
        rank: none
      otherDamage:
        mortalWounds: ""
        wounds: ""
        shock: ""
      test:
        dn: null
        type: ""
    effects: []
    folder: null
    sort: 0
    ownership:
      default: 0
    flags: {}
    _key: "!actors.items!LaDIJhDuFqRqGgCE.yP2HzceDPgkD6nie"
effects: []
sort: 0
ownership:
  default: 0
flags:
  wrath-and-glory:
    autoCalc:
      defence: true
      resilience: true
      shock: true
      awareness: true
      resolve: true
      determination: true
      wounds: true
      conviction: true
    autoWounded: true
    autoExhausted: true
    generateMetaCurrencies: true
_key: "!actors!LaDIJhDuFqRqGgCE"
